<?xml version="1.0" encoding="utf-8"?>
<Project ToolsVersion="4.0" xmlns="http://schemas.microsoft.com/developer/msbuild/2003">
  <ItemGroup>
    <Filter Include="ソース ファイル">
      <UniqueIdentifier>{4FC737F1-C7A5-4376-A066-2A32D752A2FF}</UniqueIdentifier>
      <Extensions>cpp;c;cc;cxx;c++;cppm;ixx;def;odl;idl;hpj;bat;asm;asmx</Extensions>
    </Filter>
    <Filter Include="ヘッダー ファイル">
      <UniqueIdentifier>{93995380-89BD-4b04-88EB-625FBE52EBFB}</UniqueIdentifier>
      <Extensions>h;hh;hpp;hxx;h++;hm;inl;inc;ipp;xsd</Extensions>
    </Filter>
    <Filter Include="リソース ファイル">
      <UniqueIdentifier>{67DA6AB6-F800-4c08-8B7A-83BB121AAD01}</UniqueIdentifier>
      <Extensions>rc;ico;cur;bmp;dlg;rc2;rct;bin;rgs;gif;jpg;jpeg;jpe;resx;tiff;tif;png;wav;mfcribbon-ms</Extensions>
    </Filter>
    <Filter Include="ヘッダー ファイル\Pipeline">
      <UniqueIdentifier>{7a0a94eb-3cab-4886-af32-4f9101c78916}</UniqueIdentifier>
    </Filter>
    <Filter Include="ソース ファイル\Pipeline">
      <UniqueIdentifier>{998e8ce2-ebed-4dec-a035-25baec2b8003}</UniqueIdentifier>
    </Filter>
    <Filter Include="ヘッダー ファイル\Lib">
      <UniqueIdentifier>{0c874966-6963-4d58-bc9a-0509b1a931ca}</UniqueIdentifier>
    </Filter>
    <Filter Include="ソース ファイル\Lib">
      <UniqueIdentifier>{f6138142-26dc-4645-a1d6-b32b56d695d0}</UniqueIdentifier>
    </Filter>
  </ItemGroup>
  <ItemGroup>
    <ClCompile Include="WinMain.cpp">
      <Filter>ソース ファイル</Filter>
    </ClCompile>
    <ClCompile Include="MeshData.cpp">
      <Filter>ソース ファイル</Filter>
    </ClCompile>
    <ClCompile Include="FrameBuffer.cpp">
      <Filter>ソース ファイル</Filter>
    </ClCompile>
    <ClCompile Include="Matrix.cpp">
      <Filter>ソース ファイル\Lib</Filter>
    </ClCompile>
    <ClCompile Include="RenderingContext.cpp">
      <Filter>ソース ファイル</Filter>
    </ClCompile>
    <ClCompile Include="Pipeline\FragmentShaderStage.cpp">
      <Filter>ソース ファイル\Pipeline</Filter>
    </ClCompile>
    <ClCompile Include="Pipeline\InputAssemblyStage.cpp">
      <Filter>ソース ファイル\Pipeline</Filter>
    </ClCompile>
    <ClCompile Include="Pipeline\PrimitiveAssembly.cpp">
      <Filter>ソース ファイル\Pipeline</Filter>
    </ClCompile>
    <ClCompile Include="Pipeline\RasterizeStage.cpp">
      <Filter>ソース ファイル\Pipeline</Filter>
    </ClCompile>
    <ClCompile Include="Pipeline\VertexShaderStage.cpp">
      <Filter>ソース ファイル\Pipeline</Filter>
    </ClCompile>
    <ClCompile Include="Pipeline\ClipStage.cpp">
      <Filter>ソース ファイル\Pipeline</Filter>
    </ClCompile>
    <ClCompile Include="Math3d.cpp">
      <Filter>ソース ファイル</Filter>
    </ClCompile>
    <ClCompile Include="Vector.cpp">
      <Filter>ソース ファイル\Lib</Filter>
    </ClCompile>
  </ItemGroup>
  <ItemGroup>
    <ClInclude Include="Texture.h">
      <Filter>ヘッダー ファイル</Filter>
    </ClInclude>
    <ClInclude Include="MeshData.h">
      <Filter>ヘッダー ファイル</Filter>
    </ClInclude>
    <ClInclude Include="PostIncludeWindows.h">
      <Filter>ヘッダー ファイル</Filter>
    </ClInclude>
    <ClInclude Include="PreIncludeWindows.h">
      <Filter>ヘッダー ファイル</Filter>
    </ClInclude>
    <ClInclude Include="FrameBuffer.h">
      <Filter>ヘッダー ファイル</Filter>
    </ClInclude>
    <ClInclude Include="Types.h">
      <Filter>ヘッダー ファイル</Filter>
    </ClInclude>
    <ClInclude Include="RenderingContext.h">
      <Filter>ヘッダー ファイル</Filter>
    </ClInclude>
    <ClInclude Include="Matrix.h">
      <Filter>ヘッダー ファイル\Lib</Filter>
    </ClInclude>
    <ClInclude Include="Vector.h">
      <Filter>ヘッダー ファイル\Lib</Filter>
    </ClInclude>
    <ClInclude Include="Pipeline\ClipStage.h">
      <Filter>ヘッダー ファイル\Pipeline</Filter>
    </ClInclude>
    <ClInclude Include="Pipeline\FragmentShaderStage.h">
      <Filter>ヘッダー ファイル\Pipeline</Filter>
    </ClInclude>
    <ClInclude Include="Pipeline\FragmentShaderStageState.h">
      <Filter>ヘッダー ファイル\Pipeline</Filter>
    </ClInclude>
    <ClInclude Include="Pipeline\InputAssemblyStage.h">
      <Filter>ヘッダー ファイル\Pipeline</Filter>
    </ClInclude>
    <ClInclude Include="Pipeline\InputAssemblyStageState.h">
      <Filter>ヘッダー ファイル\Pipeline</Filter>
    </ClInclude>
    <ClInclude Include="Pipeline\PrimitiveAssembly.h">
      <Filter>ヘッダー ファイル\Pipeline</Filter>
    </ClInclude>
    <ClInclude Include="Pipeline\RasterizeStage.h">
      <Filter>ヘッダー ファイル\Pipeline</Filter>
    </ClInclude>
    <ClInclude Include="Pipeline\VertexShaderStage.h">
      <Filter>ヘッダー ファイル\Pipeline</Filter>
    </ClInclude>
    <ClInclude Include="Pipeline\VertexShaderStageState.h">
      <Filter>ヘッダー ファイル\Pipeline</Filter>
    </ClInclude>
    <ClInclude Include="Pipeline\RasterizeStageState.h">
      <Filter>ヘッダー ファイル\Pipeline</Filter>
    </ClInclude>
    <ClInclude Include="Math3d.h">
      <Filter>ヘッダー ファイル</Filter>
    </ClInclude>
    <ClInclude Include="Algorithm.h">
      <Filter>ヘッダー ファイル\Lib</Filter>
    </ClInclude>
  </ItemGroup>
</Project>