<?xml version="1.0" encoding="utf-8"?>
<Project ToolsVersion="4.0" xmlns="http://schemas.microsoft.com/developer/msbuild/2003">
  <ItemGroup>
    <Filter Include="ソース ファイル">
      <UniqueIdentifier>{4FC737F1-C7A5-4376-A066-2A32D752A2FF}</UniqueIdentifier>
      <Extensions>cpp;c;cc;cxx;c++;cppm;ixx;def;odl;idl;hpj;bat;asm;asmx</Extensions>
    </Filter>
    <Filter Include="ヘッダー ファイル">
      <UniqueIdentifier>{93995380-89BD-4b04-88EB-625FBE52EBFB}</UniqueIdentifier>
      <Extensions>h;hh;hpp;hxx;h++;hm;inl;inc;ipp;xsd</Extensions>
    </Filter>
    <Filter Include="リソース ファイル">
      <UniqueIdentifier>{67DA6AB6-F800-4c08-8B7A-83BB121AAD01}</UniqueIdentifier>
      <Extensions>rc;ico;cur;bmp;dlg;rc2;rct;bin;rgs;gif;jpg;jpeg;jpe;resx;tiff;tif;png;wav;mfcribbon-ms</Extensions>
    </Filter>
    <Filter Include="ソース ファイル\SoftwareRasterizer">
      <UniqueIdentifier>{7cac417d-7c9a-4e07-bb26-ce5f11d20b45}</UniqueIdentifier>
    </Filter>
    <Filter Include="ヘッダー ファイル\SoftwareRasterizer">
      <UniqueIdentifier>{02ca4ff7-0e25-4d4a-bf8b-fa7d91181b7d}</UniqueIdentifier>
    </Filter>
    <Filter Include="ソース ファイル\Lib">
      <UniqueIdentifier>{415f2c2e-535a-4a9c-b460-d8b57c722f5c}</UniqueIdentifier>
    </Filter>
    <Filter Include="ヘッダー ファイル\Lib">
      <UniqueIdentifier>{568e502a-b046-4dae-a6de-8d41cd0f5450}</UniqueIdentifier>
    </Filter>
    <Filter Include="ソース ファイル\SoftwareRasterizer\Pipeline">
      <UniqueIdentifier>{884f6bb0-d7db-4f12-b56c-5224618ea320}</UniqueIdentifier>
    </Filter>
    <Filter Include="ヘッダー ファイル\SoftwareRasterizer\Pipeline">
      <UniqueIdentifier>{e7d627e0-f34c-4241-ae0d-e53fccb0053c}</UniqueIdentifier>
    </Filter>
  </ItemGroup>
  <ItemGroup>
    <ClInclude Include="Source\MeshData.h">
      <Filter>ヘッダー ファイル</Filter>
    </ClInclude>
    <ClInclude Include="Source\PostIncludeWindows.h">
      <Filter>ヘッダー ファイル</Filter>
    </ClInclude>
    <ClInclude Include="Source\PreIncludeWindows.h">
      <Filter>ヘッダー ファイル</Filter>
    </ClInclude>
    <ClInclude Include="Source\Lib\Algorithm.h">
      <Filter>ヘッダー ファイル\Lib</Filter>
    </ClInclude>
    <ClInclude Include="Source\SoftwareRasterizer\Pipeline\ClipStage.h">
      <Filter>ヘッダー ファイル\SoftwareRasterizer\Pipeline</Filter>
    </ClInclude>
    <ClInclude Include="Source\SoftwareRasterizer\Pipeline\FragmentShaderStage.h">
      <Filter>ヘッダー ファイル\SoftwareRasterizer\Pipeline</Filter>
    </ClInclude>
    <ClInclude Include="Source\SoftwareRasterizer\Pipeline\FragmentShaderStageState.h">
      <Filter>ヘッダー ファイル\SoftwareRasterizer\Pipeline</Filter>
    </ClInclude>
    <ClInclude Include="Source\SoftwareRasterizer\FrameBuffer.h">
      <Filter>ヘッダー ファイル\SoftwareRasterizer</Filter>
    </ClInclude>
    <ClInclude Include="Source\SoftwareRasterizer\Pipeline\InputAssemblyStage.h">
      <Filter>ヘッダー ファイル\SoftwareRasterizer\Pipeline</Filter>
    </ClInclude>
    <ClInclude Include="Source\SoftwareRasterizer\Pipeline\InputAssemblyStageState.h">
      <Filter>ヘッダー ファイル\SoftwareRasterizer\Pipeline</Filter>
    </ClInclude>
    <ClInclude Include="Source\Lib\Matrix.h">
      <Filter>ヘッダー ファイル\Lib</Filter>
    </ClInclude>
    <ClInclude Include="Source\SoftwareRasterizer\MatrixUtility.h">
      <Filter>ヘッダー ファイル\SoftwareRasterizer</Filter>
    </ClInclude>
    <ClInclude Include="Source\SoftwareRasterizer\Pipeline\PrimitiveAssembly.h">
      <Filter>ヘッダー ファイル\SoftwareRasterizer\Pipeline</Filter>
    </ClInclude>
    <ClInclude Include="Source\SoftwareRasterizer\Pipeline\RasterizeStage.h">
      <Filter>ヘッダー ファイル\SoftwareRasterizer\Pipeline</Filter>
    </ClInclude>
    <ClInclude Include="Source\SoftwareRasterizer\Pipeline\RasterizeStageState.h">
      <Filter>ヘッダー ファイル\SoftwareRasterizer\Pipeline</Filter>
    </ClInclude>
    <ClInclude Include="Source\SoftwareRasterizer\RenderingContext.h">
      <Filter>ヘッダー ファイル\SoftwareRasterizer</Filter>
    </ClInclude>
    <ClInclude Include="Source\SoftwareRasterizer\Types.h">
      <Filter>ヘッダー ファイル\SoftwareRasterizer</Filter>
    </ClInclude>
    <ClInclude Include="Source\Lib\Vector.h">
      <Filter>ヘッダー ファイル\Lib</Filter>
    </ClInclude>
    <ClInclude Include="Source\SoftwareRasterizer\Pipeline\VertexShaderStage.h">
      <Filter>ヘッダー ファイル\SoftwareRasterizer\Pipeline</Filter>
    </ClInclude>
    <ClInclude Include="Source\SoftwareRasterizer\Pipeline\VertexShaderStageState.h">
      <Filter>ヘッダー ファイル\SoftwareRasterizer\Pipeline</Filter>
    </ClInclude>
    <ClInclude Include="Source\SoftwareRasterizer\Texture.h">
      <Filter>ヘッダー ファイル\SoftwareRasterizer</Filter>
    </ClInclude>
  </ItemGroup>
  <ItemGroup>
    <ClCompile Include="Source\MeshData.cpp">
      <Filter>ソース ファイル</Filter>
    </ClCompile>
    <ClCompile Include="Source\WinMain.cpp">
      <Filter>ソース ファイル</Filter>
    </ClCompile>
    <ClCompile Include="Source\Lib\Matrix.cpp">
      <Filter>ソース ファイル\Lib</Filter>
    </ClCompile>
    <ClCompile Include="Source\Lib\Vector.cpp">
      <Filter>ソース ファイル\Lib</Filter>
    </ClCompile>
    <ClCompile Include="Source\SoftwareRasterizer\RenderingContext.cpp">
      <Filter>ソース ファイル\SoftwareRasterizer</Filter>
    </ClCompile>
    <ClCompile Include="Source\SoftwareRasterizer\FrameBuffer.cpp">
      <Filter>ソース ファイル\SoftwareRasterizer</Filter>
    </ClCompile>
    <ClCompile Include="Source\SoftwareRasterizer\MatrixUtility.cpp">
      <Filter>ソース ファイル\SoftwareRasterizer</Filter>
    </ClCompile>
    <ClCompile Include="Source\SoftwareRasterizer\Pipeline\VertexShaderStage.cpp">
      <Filter>ソース ファイル\SoftwareRasterizer\Pipeline</Filter>
    </ClCompile>
    <ClCompile Include="Source\SoftwareRasterizer\Pipeline\PrimitiveAssembly.cpp">
      <Filter>ソース ファイル\SoftwareRasterizer\Pipeline</Filter>
    </ClCompile>
    <ClCompile Include="Source\SoftwareRasterizer\Pipeline\RasterizeStage.cpp">
      <Filter>ソース ファイル\SoftwareRasterizer\Pipeline</Filter>
    </ClCompile>
    <ClCompile Include="Source\SoftwareRasterizer\Pipeline\ClipStage.cpp">
      <Filter>ソース ファイル\SoftwareRasterizer\Pipeline</Filter>
    </ClCompile>
    <ClCompile Include="Source\SoftwareRasterizer\Pipeline\FragmentShaderStage.cpp">
      <Filter>ソース ファイル\SoftwareRasterizer\Pipeline</Filter>
    </ClCompile>
    <ClCompile Include="Source\SoftwareRasterizer\Pipeline\InputAssemblyStage.cpp">
      <Filter>ソース ファイル\SoftwareRasterizer\Pipeline</Filter>
    </ClCompile>
    <ClCompile Include="Source\Lib\Algorithm.cpp">
      <Filter>ソース ファイル\Lib</Filter>
    </ClCompile>
    <ClCompile Include="Source\SoftwareRasterizer\Texture.cpp">
      <Filter>ソース ファイル\SoftwareRasterizer</Filter>
    </ClCompile>
  </ItemGroup>
</Project>