<?xml version="1.0" encoding="utf-8"?>
<Project ToolsVersion="4.0" xmlns="http://schemas.microsoft.com/developer/msbuild/2003">
  <ItemGroup>
    <Filter Include="ソース ファイル">
      <UniqueIdentifier>{4FC737F1-C7A5-4376-A066-2A32D752A2FF}</UniqueIdentifier>
      <Extensions>cpp;c;cc;cxx;c++;cppm;ixx;def;odl;idl;hpj;bat;asm;asmx</Extensions>
    </Filter>
    <Filter Include="ヘッダー ファイル">
      <UniqueIdentifier>{93995380-89BD-4b04-88EB-625FBE52EBFB}</UniqueIdentifier>
      <Extensions>h;hh;hpp;hxx;h++;hm;inl;inc;ipp;xsd</Extensions>
    </Filter>
    <Filter Include="リソース ファイル">
      <UniqueIdentifier>{67DA6AB6-F800-4c08-8B7A-83BB121AAD01}</UniqueIdentifier>
      <Extensions>rc;ico;cur;bmp;dlg;rc2;rct;bin;rgs;gif;jpg;jpeg;jpe;resx;tiff;tif;png;wav;mfcribbon-ms</Extensions>
    </Filter>
    <Filter Include="ソース ファイル\SoftwareRasterizer">
      <UniqueIdentifier>{7cac417d-7c9a-4e07-bb26-ce5f11d20b45}</UniqueIdentifier>
    </Filter>
    <Filter Include="ヘッダー ファイル\SoftwareRasterizer">
      <UniqueIdentifier>{02ca4ff7-0e25-4d4a-bf8b-fa7d91181b7d}</UniqueIdentifier>
    </Filter>
    <Filter Include="ソース ファイル\Lib">
      <UniqueIdentifier>{415f2c2e-535a-4a9c-b460-d8b57c722f5c}</UniqueIdentifier>
    </Filter>
    <Filter Include="ヘッダー ファイル\Lib">
      <UniqueIdentifier>{568e502a-b046-4dae-a6de-8d41cd0f5450}</UniqueIdentifier>
    </Filter>
    <Filter Include="ソース ファイル\SoftwareRasterizer\Pipeline">
      <UniqueIdentifier>{884f6bb0-d7db-4f12-b56c-5224618ea320}</UniqueIdentifier>
    </Filter>
    <Filter Include="ヘッダー ファイル\SoftwareRasterizer\Pipeline">
      <UniqueIdentifier>{e7d627e0-f34c-4241-ae0d-e53fccb0053c}</UniqueIdentifier>
    </Filter>
    <Filter Include="ヘッダー ファイル\SoftwareRasterizer\State">
      <UniqueIdentifier>{3119bbc8-c021-4286-8e8b-646513bb6664}</UniqueIdentifier>
    </Filter>
    <Filter Include="ソース ファイル\SoftwareRasterizer\Modules">
      <UniqueIdentifier>{654acee9-6213-4bab-a64b-249e0c1c3a37}</UniqueIdentifier>
    </Filter>
    <Filter Include="ヘッダー ファイル\SoftwareRasterizer\Modules">
      <UniqueIdentifier>{4d1f4714-efd5-4e35-8505-9f8f322e33da}</UniqueIdentifier>
    </Filter>
    <Filter Include="ヘッダー ファイル\SoftwareRasterizer\Core">
      <UniqueIdentifier>{b2cbc039-629a-410b-81cd-9d5af39d7d2a}</UniqueIdentifier>
    </Filter>
  </ItemGroup>
  <ItemGroup>
    <ClInclude Include="Source\MeshData.h">
      <Filter>ヘッダー ファイル</Filter>
    </ClInclude>
    <ClInclude Include="Source\PostIncludeWindows.h">
      <Filter>ヘッダー ファイル</Filter>
    </ClInclude>
    <ClInclude Include="Source\PreIncludeWindows.h">
      <Filter>ヘッダー ファイル</Filter>
    </ClInclude>
    <ClInclude Include="Source\Lib\Algorithm.h">
      <Filter>ヘッダー ファイル\Lib</Filter>
    </ClInclude>
    <ClInclude Include="Source\SoftwareRasterizer\Pipeline\FragmentShaderStage.h">
      <Filter>ヘッダー ファイル\SoftwareRasterizer\Pipeline</Filter>
    </ClInclude>
    <ClInclude Include="Source\SoftwareRasterizer\Pipeline\InputAssemblyStage.h">
      <Filter>ヘッダー ファイル\SoftwareRasterizer\Pipeline</Filter>
    </ClInclude>
    <ClInclude Include="Source\Lib\Matrix.h">
      <Filter>ヘッダー ファイル\Lib</Filter>
    </ClInclude>
    <ClInclude Include="Source\SoftwareRasterizer\MatrixUtility.h">
      <Filter>ヘッダー ファイル\SoftwareRasterizer</Filter>
    </ClInclude>
    <ClInclude Include="Source\SoftwareRasterizer\Pipeline\RasterizeStage.h">
      <Filter>ヘッダー ファイル\SoftwareRasterizer\Pipeline</Filter>
    </ClInclude>
    <ClInclude Include="Source\SoftwareRasterizer\RenderingContext.h">
      <Filter>ヘッダー ファイル\SoftwareRasterizer</Filter>
    </ClInclude>
    <ClInclude Include="Source\Lib\Vector.h">
      <Filter>ヘッダー ファイル\Lib</Filter>
    </ClInclude>
    <ClInclude Include="Source\SoftwareRasterizer\Pipeline\VertexShaderStage.h">
      <Filter>ヘッダー ファイル\SoftwareRasterizer\Pipeline</Filter>
    </ClInclude>
    <ClInclude Include="Source\SoftwareRasterizer\SamplerUtility.h">
      <Filter>ヘッダー ファイル\SoftwareRasterizer</Filter>
    </ClInclude>
    <ClInclude Include="Source\SoftwareRasterizer\Pipeline\OutputMergerStage.h">
      <Filter>ヘッダー ファイル\SoftwareRasterizer\Pipeline</Filter>
    </ClInclude>
    <ClInclude Include="Source\SoftwareRasterizer\Utility.h">
      <Filter>ヘッダー ファイル\SoftwareRasterizer</Filter>
    </ClInclude>
    <ClInclude Include="Source\SoftwareRasterizer\State\FragmentShaderProgram.h">
      <Filter>ヘッダー ファイル\SoftwareRasterizer\State</Filter>
    </ClInclude>
    <ClInclude Include="Source\SoftwareRasterizer\State\VertexBuffers.h">
      <Filter>ヘッダー ファイル\SoftwareRasterizer\State</Filter>
    </ClInclude>
    <ClInclude Include="Source\SoftwareRasterizer\State\Viewport.h">
      <Filter>ヘッダー ファイル\SoftwareRasterizer\State</Filter>
    </ClInclude>
    <ClInclude Include="Source\SoftwareRasterizer\State\VertexShaderProgram.h">
      <Filter>ヘッダー ファイル\SoftwareRasterizer\State</Filter>
    </ClInclude>
    <ClInclude Include="Source\SoftwareRasterizer\State\DepthState.h">
      <Filter>ヘッダー ファイル\SoftwareRasterizer\State</Filter>
    </ClInclude>
    <ClInclude Include="Source\SoftwareRasterizer\State\RasterizerState.h">
      <Filter>ヘッダー ファイル\SoftwareRasterizer\State</Filter>
    </ClInclude>
    <ClInclude Include="Source\SoftwareRasterizer\State\InputLayout.h">
      <Filter>ヘッダー ファイル\SoftwareRasterizer\State</Filter>
    </ClInclude>
    <ClInclude Include="Source\SoftwareRasterizer\State\ConstantBuffer.h">
      <Filter>ヘッダー ファイル\SoftwareRasterizer\State</Filter>
    </ClInclude>
    <ClInclude Include="Source\SoftwareRasterizer\State\RenderTarget.h">
      <Filter>ヘッダー ファイル\SoftwareRasterizer\State</Filter>
    </ClInclude>
    <ClInclude Include="Source\SoftwareRasterizer\State\IndexBuffer.h">
      <Filter>ヘッダー ファイル\SoftwareRasterizer\State</Filter>
    </ClInclude>
    <ClInclude Include="Source\MainWindow.h">
      <Filter>ヘッダー ファイル</Filter>
    </ClInclude>
    <ClInclude Include="Source\Application.h">
      <Filter>ヘッダー ファイル</Filter>
    </ClInclude>
    <ClInclude Include="Source\ModelViewer.h">
      <Filter>ヘッダー ファイル</Filter>
    </ClInclude>
    <ClInclude Include="Source\SoftwareRasterizer\State\DepthRange.h">
      <Filter>ヘッダー ファイル\SoftwareRasterizer\State</Filter>
    </ClInclude>
    <ClInclude Include="Source\SoftwareRasterizer\State\WindowSize.h">
      <Filter>ヘッダー ファイル\SoftwareRasterizer\State</Filter>
    </ClInclude>
    <ClInclude Include="Source\SoftwareRasterizer\State\Texture2D.h">
      <Filter>ヘッダー ファイル\SoftwareRasterizer\State</Filter>
    </ClInclude>
    <ClInclude Include="Source\SoftwareRasterizer\Modules\TextureOperations.h">
      <Filter>ヘッダー ファイル\SoftwareRasterizer\Modules</Filter>
    </ClInclude>
    <ClInclude Include="Source\SoftwareRasterizer\Modules\TextureUnit.h">
      <Filter>ヘッダー ファイル\SoftwareRasterizer\Modules</Filter>
    </ClInclude>
    <ClInclude Include="Source\SoftwareRasterizer\Core\Types.h">
      <Filter>ヘッダー ファイル\SoftwareRasterizer\Core</Filter>
    </ClInclude>
    <ClInclude Include="Source\SoftwareRasterizer\Modules\PrimitiveAssembly.h">
      <Filter>ヘッダー ファイル\SoftwareRasterizer\Modules</Filter>
    </ClInclude>
    <ClInclude Include="Source\SoftwareRasterizer\Modules\ClipStage.h">
      <Filter>ヘッダー ファイル\SoftwareRasterizer\Modules</Filter>
    </ClInclude>
    <ClInclude Include="Source\SoftwareRasterizer\Modules\NormalizedConverter.h">
      <Filter>ヘッダー ファイル\SoftwareRasterizer\Modules</Filter>
    </ClInclude>
    <ClInclude Include="Source\SoftwareRasterizer\State\ClearParam.h">
      <Filter>ヘッダー ファイル\SoftwareRasterizer\State</Filter>
    </ClInclude>
    <ClInclude Include="Source\SoftwareRasterizer\Modules\Comparator.h">
      <Filter>ヘッダー ファイル\SoftwareRasterizer\Modules</Filter>
    </ClInclude>
    <ClInclude Include="Source\SoftwareRasterizer\Modules\Rasterizer.h">
      <Filter>ヘッダー ファイル\SoftwareRasterizer\Modules</Filter>
    </ClInclude>
    <ClInclude Include="Source\SoftwareRasterizer\State\VaryingEnabledBits.h">
      <Filter>ヘッダー ファイル\SoftwareRasterizer\State</Filter>
    </ClInclude>
    <ClInclude Include="Source\SoftwareRasterizer\Modules\Interpolator.h">
      <Filter>ヘッダー ファイル\SoftwareRasterizer\Modules</Filter>
    </ClInclude>
  </ItemGroup>
  <ItemGroup>
    <ClCompile Include="Source\MeshData.cpp">
      <Filter>ソース ファイル</Filter>
    </ClCompile>
    <ClCompile Include="Source\WinMain.cpp">
      <Filter>ソース ファイル</Filter>
    </ClCompile>
    <ClCompile Include="Source\Lib\Matrix.cpp">
      <Filter>ソース ファイル\Lib</Filter>
    </ClCompile>
    <ClCompile Include="Source\Lib\Vector.cpp">
      <Filter>ソース ファイル\Lib</Filter>
    </ClCompile>
    <ClCompile Include="Source\SoftwareRasterizer\MatrixUtility.cpp">
      <Filter>ソース ファイル\SoftwareRasterizer</Filter>
    </ClCompile>
    <ClCompile Include="Source\SoftwareRasterizer\Pipeline\VertexShaderStage.cpp">
      <Filter>ソース ファイル\SoftwareRasterizer\Pipeline</Filter>
    </ClCompile>
    <ClCompile Include="Source\SoftwareRasterizer\Pipeline\FragmentShaderStage.cpp">
      <Filter>ソース ファイル\SoftwareRasterizer\Pipeline</Filter>
    </ClCompile>
    <ClCompile Include="Source\SoftwareRasterizer\Pipeline\InputAssemblyStage.cpp">
      <Filter>ソース ファイル\SoftwareRasterizer\Pipeline</Filter>
    </ClCompile>
    <ClCompile Include="Source\Lib\Algorithm.cpp">
      <Filter>ソース ファイル\Lib</Filter>
    </ClCompile>
    <ClCompile Include="Source\SoftwareRasterizer\SamplerUtility.cpp">
      <Filter>ソース ファイル\SoftwareRasterizer</Filter>
    </ClCompile>
    <ClCompile Include="Source\SoftwareRasterizer\Pipeline\OutputMergerStage.cpp">
      <Filter>ソース ファイル\SoftwareRasterizer\Pipeline</Filter>
    </ClCompile>
    <ClCompile Include="Source\Application.cpp">
      <Filter>ソース ファイル</Filter>
    </ClCompile>
    <ClCompile Include="Source\ModelViewer.cpp">
      <Filter>ソース ファイル</Filter>
    </ClCompile>
    <ClCompile Include="Source\MainWindow.cpp">
      <Filter>ソース ファイル</Filter>
    </ClCompile>
    <ClCompile Include="Source\SoftwareRasterizer\Modules\TextureOperations.cpp">
      <Filter>ソース ファイル\SoftwareRasterizer\Modules</Filter>
    </ClCompile>
    <ClCompile Include="Source\SoftwareRasterizer\Modules\TextureUnit.cpp">
      <Filter>ソース ファイル\SoftwareRasterizer\Modules</Filter>
    </ClCompile>
    <ClCompile Include="Source\SoftwareRasterizer\Modules\PrimitiveAssembly.cpp">
      <Filter>ソース ファイル\SoftwareRasterizer\Modules</Filter>
    </ClCompile>
    <ClCompile Include="Source\SoftwareRasterizer\Modules\ClipStage.cpp">
      <Filter>ソース ファイル\SoftwareRasterizer\Modules</Filter>
    </ClCompile>
    <ClCompile Include="Source\SoftwareRasterizer\Pipeline\RasterizeStage.cpp">
      <Filter>ソース ファイル\SoftwareRasterizer\Pipeline</Filter>
    </ClCompile>
    <ClCompile Include="Source\SoftwareRasterizer\Modules\NormalizedConverter.cpp">
      <Filter>ソース ファイル\SoftwareRasterizer\Modules</Filter>
    </ClCompile>
    <ClCompile Include="Source\SoftwareRasterizer\Modules\Comparator.cpp">
      <Filter>ソース ファイル\SoftwareRasterizer\Modules</Filter>
    </ClCompile>
    <ClCompile Include="Source\SoftwareRasterizer\Modules\Rasterizer.cpp">
      <Filter>ソース ファイル\SoftwareRasterizer\Modules</Filter>
    </ClCompile>
    <ClCompile Include="Source\SoftwareRasterizer\Modules\Interpolator.cpp">
      <Filter>ソース ファイル\SoftwareRasterizer\Modules</Filter>
    </ClCompile>
    <ClCompile Include="Source\SoftwareRasterizer\RenderingContext.cpp">
      <Filter>ソース ファイル</Filter>
    </ClCompile>
  </ItemGroup>
</Project>